
Microsoft Visual Studio Solution File, Format Version 12.00
# Visual Studio 2012
Project("{FAE04EC0-301F-11D3-BF4B-00C04F79EFBC}") = "73_CountingFractionsRange", "73_CountingFractionsRange\73_CountingFractionsRange.csproj", "{7ABF5430-D955-4999-AFAD-4D66BFE75311}"
EndProject
Global
	GlobalSection(SolutionConfigurationPlatforms) = preSolution
		Debug|Any CPU = Debug|Any CPU
		Release|Any CPU = Release|Any CPU
	EndGlobalSection
	GlobalSection(ProjectConfigurationPlatforms) = postSolution
		{7ABF5430-D955-4999-AFAD-4D66BFE75311}.Debug|Any CPU.ActiveCfg = Debug|Any CPU
		{7ABF5430-D955-4999-AFAD-4D66BFE75311}.Debug|Any CPU.Build.0 = Debug|Any CPU
		{7ABF5430-D955-4999-AFAD-4D66BFE75311}.Release|Any CPU.ActiveCfg = Release|Any CPU
		{7ABF5430-D955-4999-AFAD-4D66BFE75311}.Release|Any CPU.Build.0 = Release|Any CPU
	EndGlobalSection
	GlobalSection(SolutionProperties) = preSolution
		HideSolutionNode = FALSE
	EndGlobalSection
EndGlobal
