
Microsoft Visual Studio Solution File, Format Version 11.00
# Visual Studio 2010
Project("{FAE04EC0-301F-11D3-BF4B-00C04F79EFBC}") = "61_CyclicalFigurateNumbers", "61_CyclicalFigurateNumbers\61_CyclicalFigurateNumbers.csproj", "{CCCB1E1B-61F2-400E-8AA8-4F477110F40C}"
EndProject
Global
	GlobalSection(SolutionConfigurationPlatforms) = preSolution
		Debug|x86 = Debug|x86
		Release|x86 = Release|x86
	EndGlobalSection
	GlobalSection(ProjectConfigurationPlatforms) = postSolution
		{CCCB1E1B-61F2-400E-8AA8-4F477110F40C}.Debug|x86.ActiveCfg = Debug|x86
		{CCCB1E1B-61F2-400E-8AA8-4F477110F40C}.Debug|x86.Build.0 = Debug|x86
		{CCCB1E1B-61F2-400E-8AA8-4F477110F40C}.Release|x86.ActiveCfg = Release|x86
		{CCCB1E1B-61F2-400E-8AA8-4F477110F40C}.Release|x86.Build.0 = Release|x86
	EndGlobalSection
	GlobalSection(SolutionProperties) = preSolution
		HideSolutionNode = FALSE
	EndGlobalSection
EndGlobal
