
Microsoft Visual Studio Solution File, Format Version 11.00
# Visual Studio 2010
Project("{FAE04EC0-301F-11D3-BF4B-00C04F79EFBC}") = "17_NumberLetters", "17_NumberLetters\17_NumberLetters.csproj", "{14231C41-1E16-481D-BA02-74B82EA3AFD4}"
EndProject
Global
	GlobalSection(SolutionConfigurationPlatforms) = preSolution
		Debug|x86 = Debug|x86
		Release|x86 = Release|x86
	EndGlobalSection
	GlobalSection(ProjectConfigurationPlatforms) = postSolution
		{14231C41-1E16-481D-BA02-74B82EA3AFD4}.Debug|x86.ActiveCfg = Debug|x86
		{14231C41-1E16-481D-BA02-74B82EA3AFD4}.Debug|x86.Build.0 = Debug|x86
		{14231C41-1E16-481D-BA02-74B82EA3AFD4}.Release|x86.ActiveCfg = Release|x86
		{14231C41-1E16-481D-BA02-74B82EA3AFD4}.Release|x86.Build.0 = Release|x86
	EndGlobalSection
	GlobalSection(SolutionProperties) = preSolution
		HideSolutionNode = FALSE
	EndGlobalSection
EndGlobal
