
Microsoft Visual Studio Solution File, Format Version 11.00
# Visual Studio 2010
Project("{FAE04EC0-301F-11D3-BF4B-00C04F79EFBC}") = "129_RepunitDivisibility", "129_RepunitDivisibility\129_RepunitDivisibility.csproj", "{239D4CAD-50DC-4D95-B146-F7388C1DE071}"
EndProject
Global
	GlobalSection(SolutionConfigurationPlatforms) = preSolution
		Debug|x86 = Debug|x86
		Release|x86 = Release|x86
	EndGlobalSection
	GlobalSection(ProjectConfigurationPlatforms) = postSolution
		{239D4CAD-50DC-4D95-B146-F7388C1DE071}.Debug|x86.ActiveCfg = Debug|x86
		{239D4CAD-50DC-4D95-B146-F7388C1DE071}.Debug|x86.Build.0 = Debug|x86
		{239D4CAD-50DC-4D95-B146-F7388C1DE071}.Release|x86.ActiveCfg = Release|x86
		{239D4CAD-50DC-4D95-B146-F7388C1DE071}.Release|x86.Build.0 = Release|x86
	EndGlobalSection
	GlobalSection(SolutionProperties) = preSolution
		HideSolutionNode = FALSE
	EndGlobalSection
EndGlobal
